
Microsoft Visual Studio Solution File, Format Version 12.00
# Visual Studio Version 17
VisualStudioVersion = 17.6.33723.286
MinimumVisualStudioVersion = 10.0.40219.1
Project("{2150E333-8FDC-42A3-9474-1A3956D46DE8}") = "src", "src", "{B1F30B52-A123-4B90-9C04-6284CA441B79}"
EndProject
Project("{2150E333-8FDC-42A3-9474-1A3956D46DE8}") = "tests", "tests", "{C5979DCE-08F9-48B7-BD62-3F4D73D0D8B9}"
EndProject
Project("{9A19103F-16F7-4668-BE54-9A1E7A4F7556}") = "DomainUnitTests", "tests\DomainUnitTests\DomainUnitTests.csproj", "{627274C5-70F6-4753-BC30-2DC3AD259756}"
EndProject
Project("{9A19103F-16F7-4668-BE54-9A1E7A4F7556}") = "ApplicationUnitTests", "tests\ApplicationUnitTests\ApplicationUnitTests.csproj", "{9547520A-FDC2-4A7E-9128-9374C904EB38}"
EndProject
Project("{9A19103F-16F7-4668-BE54-9A1E7A4F7556}") = "ApplicationIntegrationTests", "tests\ApplicationIntegrationTests\ApplicationIntegrationTests.csproj", "{1F3966BB-7CC2-4A76-832E-309AEA793B98}"
EndProject
Project("{9A19103F-16F7-4668-BE54-9A1E7A4F7556}") = "yQuant.Adapters.Backtest", "src\yQuant.Adapters.Backtest\yQuant.Adapters.Backtest.csproj", "{54C2E994-9A6B-4FD7-805A-5BEACFE8137D}"
EndProject
Project("{9A19103F-16F7-4668-BE54-9A1E7A4F7556}") = "yQuant.Strategies.Momentum", "src\yQuant.Strategies.Momentum\yQuant.Strategies.Momentum.csproj", "{790D8059-795C-4D03-AD10-D704FA255BCB}"
	ProjectSection(ProjectDependencies) = postProject
		{F155BAF9-FB00-4397-AA07-8C7821C0C979} = {F155BAF9-FB00-4397-AA07-8C7821C0C979}
	EndProjectSection
EndProject
Project("{9A19103F-16F7-4668-BE54-9A1E7A4F7556}") = "yQuant", "src\yQuant\yQuant.csproj", "{F155BAF9-FB00-4397-AA07-8C7821C0C979}"
EndProject
Project("{9A19103F-16F7-4668-BE54-9A1E7A4F7556}") = "yQuant.UI.CLI", "src\yQuant.UI.CLI\yQuant.UI.CLI.csproj", "{81BBFD31-BCA0-4422-9231-079F0FC81BD8}"
	ProjectSection(ProjectDependencies) = postProject
		{54C2E994-9A6B-4FD7-805A-5BEACFE8137D} = {54C2E994-9A6B-4FD7-805A-5BEACFE8137D}
		{790D8059-795C-4D03-AD10-D704FA255BCB} = {790D8059-795C-4D03-AD10-D704FA255BCB}
		{88DD927C-9D69-4504-9E03-EE207EF14D69} = {88DD927C-9D69-4504-9E03-EE207EF14D69}
		{F155BAF9-FB00-4397-AA07-8C7821C0C979} = {F155BAF9-FB00-4397-AA07-8C7821C0C979}
	EndProjectSection
EndProject
Project("{9A19103F-16F7-4668-BE54-9A1E7A4F7556}") = "yQuant.Adapters.KoreaInvestment", "src\yQuant.Adapters.KoreaInvestment\yQuant.Adapters.KoreaInvestment.csproj", "{88DD927C-9D69-4504-9E03-EE207EF14D69}"
	ProjectSection(ProjectDependencies) = postProject
		{F155BAF9-FB00-4397-AA07-8C7821C0C979} = {F155BAF9-FB00-4397-AA07-8C7821C0C979}
	EndProjectSection
EndProject
Global
	GlobalSection(SolutionConfigurationPlatforms) = preSolution
		Debug|Any CPU = Debug|Any CPU
		Release|Any CPU = Release|Any CPU
	EndGlobalSection
	GlobalSection(ProjectConfigurationPlatforms) = postSolution
		{627274C5-70F6-4753-BC30-2DC3AD259756}.Debug|Any CPU.ActiveCfg = Debug|Any CPU
		{627274C5-70F6-4753-BC30-2DC3AD259756}.Debug|Any CPU.Build.0 = Debug|Any CPU
		{627274C5-70F6-4753-BC30-2DC3AD259756}.Release|Any CPU.ActiveCfg = Release|Any CPU
		{627274C5-70F6-4753-BC30-2DC3AD259756}.Release|Any CPU.Build.0 = Release|Any CPU
		{9547520A-FDC2-4A7E-9128-9374C904EB38}.Debug|Any CPU.ActiveCfg = Debug|Any CPU
		{9547520A-FDC2-4A7E-9128-9374C904EB38}.Debug|Any CPU.Build.0 = Debug|Any CPU
		{9547520A-FDC2-4A7E-9128-9374C904EB38}.Release|Any CPU.ActiveCfg = Release|Any CPU
		{9547520A-FDC2-4A7E-9128-9374C904EB38}.Release|Any CPU.Build.0 = Release|Any CPU
		{1F3966BB-7CC2-4A76-832E-309AEA793B98}.Debug|Any CPU.ActiveCfg = Debug|Any CPU
		{1F3966BB-7CC2-4A76-832E-309AEA793B98}.Debug|Any CPU.Build.0 = Debug|Any CPU
		{1F3966BB-7CC2-4A76-832E-309AEA793B98}.Release|Any CPU.ActiveCfg = Release|Any CPU
		{1F3966BB-7CC2-4A76-832E-309AEA793B98}.Release|Any CPU.Build.0 = Release|Any CPU
		{54C2E994-9A6B-4FD7-805A-5BEACFE8137D}.Debug|Any CPU.ActiveCfg = Debug|Any CPU
		{54C2E994-9A6B-4FD7-805A-5BEACFE8137D}.Debug|Any CPU.Build.0 = Debug|Any CPU
		{54C2E994-9A6B-4FD7-805A-5BEACFE8137D}.Release|Any CPU.ActiveCfg = Release|Any CPU
		{54C2E994-9A6B-4FD7-805A-5BEACFE8137D}.Release|Any CPU.Build.0 = Release|Any CPU
		{790D8059-795C-4D03-AD10-D704FA255BCB}.Debug|Any CPU.ActiveCfg = Debug|Any CPU
		{790D8059-795C-4D03-AD10-D704FA255BCB}.Debug|Any CPU.Build.0 = Debug|Any CPU
		{790D8059-795C-4D03-AD10-D704FA255BCB}.Release|Any CPU.ActiveCfg = Release|Any CPU
		{790D8059-795C-4D03-AD10-D704FA255BCB}.Release|Any CPU.Build.0 = Release|Any CPU
		{F155BAF9-FB00-4397-AA07-8C7821C0C979}.Debug|Any CPU.ActiveCfg = Debug|Any CPU
		{F155BAF9-FB00-4397-AA07-8C7821C0C979}.Debug|Any CPU.Build.0 = Debug|Any CPU
		{F155BAF9-FB00-4397-AA07-8C7821C0C979}.Release|Any CPU.ActiveCfg = Release|Any CPU
		{F155BAF9-FB00-4397-AA07-8C7821C0C979}.Release|Any CPU.Build.0 = Release|Any CPU
		{81BBFD31-BCA0-4422-9231-079F0FC81BD8}.Debug|Any CPU.ActiveCfg = Debug|Any CPU
		{81BBFD31-BCA0-4422-9231-079F0FC81BD8}.Debug|Any CPU.Build.0 = Debug|Any CPU
		{81BBFD31-BCA0-4422-9231-079F0FC81BD8}.Release|Any CPU.ActiveCfg = Release|Any CPU
		{81BBFD31-BCA0-4422-9231-079F0FC81BD8}.Release|Any CPU.Build.0 = Release|Any CPU
		{88DD927C-9D69-4504-9E03-EE207EF14D69}.Debug|Any CPU.ActiveCfg = Debug|Any CPU
		{88DD927C-9D69-4504-9E03-EE207EF14D69}.Debug|Any CPU.Build.0 = Debug|Any CPU
		{88DD927C-9D69-4504-9E03-EE207EF14D69}.Release|Any CPU.ActiveCfg = Release|Any CPU
		{88DD927C-9D69-4504-9E03-EE207EF14D69}.Release|Any CPU.Build.0 = Release|Any CPU
	EndGlobalSection
	GlobalSection(SolutionProperties) = preSolution
		HideSolutionNode = FALSE
	EndGlobalSection
	GlobalSection(NestedProjects) = preSolution
		{627274C5-70F6-4753-BC30-2DC3AD259756} = {C5979DCE-08F9-48B7-BD62-3F4D73D0D8B9}
		{9547520A-FDC2-4A7E-9128-9374C904EB38} = {C5979DCE-08F9-48B7-BD62-3F4D73D0D8B9}
		{1F3966BB-7CC2-4A76-832E-309AEA793B98} = {C5979DCE-08F9-48B7-BD62-3F4D73D0D8B9}
		{54C2E994-9A6B-4FD7-805A-5BEACFE8137D} = {B1F30B52-A123-4B90-9C04-6284CA441B79}
		{790D8059-795C-4D03-AD10-D704FA255BCB} = {B1F30B52-A123-4B90-9C04-6284CA441B79}
		{F155BAF9-FB00-4397-AA07-8C7821C0C979} = {B1F30B52-A123-4B90-9C04-6284CA441B79}
		{81BBFD31-BCA0-4422-9231-079F0FC81BD8} = {B1F30B52-A123-4B90-9C04-6284CA441B79}
		{88DD927C-9D69-4504-9E03-EE207EF14D69} = {B1F30B52-A123-4B90-9C04-6284CA441B79}
	EndGlobalSection
	GlobalSection(ExtensibilityGlobals) = postSolution
		SolutionGuid = {49DA3714-3266-403E-9E8B-714C68F0D790}
	EndGlobalSection
EndGlobal
